{
    "_readme": [
        "This file locks the dependencies of your project to a known state",
        "Read more about it at http://getcomposer.org/doc/01-basic-usage.md#composer-lock-the-lock-file"
    ],
    "hash": "074a26e37828eb33988eaaa828f5f14f",
    "packages": [
        {
            "name": "malenki/bah",
            "version": "0.9.3",
            "source": {
                "type": "git",
                "url": "https://github.com/malenkiki/bah.git",
                "reference": "68563ac24a33fc608f52443f7309ed6a45abb498"
            },
            "dist": {
                "type": "zip",
                "url": "https://api.github.com/repos/malenkiki/bah/zipball/68563ac24a33fc608f52443f7309ed6a45abb498",
                "reference": "68563ac24a33fc608f52443f7309ed6a45abb498",
                "shasum": ""
            },
            "require": {
                "ext-mbstring": "*",
                "php": ">=5.3.0"
            },
            "type": "library",
            "autoload": {
                "psr-0": {
                    "Malenki\\Bah": "src/"
                }
            },
            "notification-url": "https://packagist.org/downloads/",
            "license": [
                "MIT"
            ],
            "authors": [
                {
                    "name": "Michel Petit",
                    "email": "petit.michel@gmail.com",
                    "role": "Developer"
                }
            ],
            "description": "Simple basic PHP classes to play with String, Character, Hash, Collection, Number… A little toolbox to replace PHP primitive types!",
            "homepage": "https://github.com/malenkiki/bah",
            "keywords": [
                "array",
                "character",
                "hash",
                "number",
                "string"
            ],
            "time": "2014-06-14 20:53:54"
        }
    ],
    "packages-dev": [

    ],
    "aliases": [

    ],
    "minimum-stability": "stable",
    "stability-flags": [

    ],
    "platform": {
        "php": ">=5.3.0"
    },
    "platform-dev": [

    ]
}
